// !$*UTF8*$!
{
	archiveVersion = 1;
	classes = {
	};
	objectVersion = 51;
	objects = {

/* Begin PBXBuildFile section */
		8B48FD459FFD5A1FF9C558F4 /* Pods_Recipe_BuddyTests.framework in Frameworks */ = {isa = PBXBuildFile; fileRef = 4053648DB21454201C6C64E6 /* Pods_Recipe_BuddyTests.framework */; };
		C64CD64C23DAD5480043D768 /* AppDelegate.swift in Sources */ = {isa = PBXBuildFile; fileRef = C64CD64B23DAD5480043D768 /* AppDelegate.swift */; };
		C64CD64E23DAD5480043D768 /* SceneDelegate.swift in Sources */ = {isa = PBXBuildFile; fileRef = C64CD64D23DAD5480043D768 /* SceneDelegate.swift */; };
		C64CD65523DAD5490043D768 /* Assets.xcassets in Resources */ = {isa = PBXBuildFile; fileRef = C64CD65423DAD5490043D768 /* Assets.xcassets */; };
		C64CD65823DAD5490043D768 /* LaunchScreen.storyboard in Resources */ = {isa = PBXBuildFile; fileRef = C64CD65623DAD5490043D768 /* LaunchScreen.storyboard */; };
		C64CD66323DAD54A0043D768 /* Recipe_BuddyTests.swift in Sources */ = {isa = PBXBuildFile; fileRef = C64CD66223DAD54A0043D768 /* Recipe_BuddyTests.swift */; };
		C64CD66F23DAD69D0043D768 /* BaseWireframe.swift in Sources */ = {isa = PBXBuildFile; fileRef = C64CD66E23DAD69D0043D768 /* BaseWireframe.swift */; };
		C64CD67123DAD6F30043D768 /* UIStoryboardExtension.swift in Sources */ = {isa = PBXBuildFile; fileRef = C64CD67023DAD6F30043D768 /* UIStoryboardExtension.swift */; };
		C64CD67423DADB240043D768 /* RecipeList.storyboard in Resources */ = {isa = PBXBuildFile; fileRef = C64CD67323DADB240043D768 /* RecipeList.storyboard */; };
		C64CD67623DADB4B0043D768 /* RecipeListInteractor.swift in Sources */ = {isa = PBXBuildFile; fileRef = C64CD67523DADB4B0043D768 /* RecipeListInteractor.swift */; };
		C64CD67823DADB6B0043D768 /* RecipeListPresenter.swift in Sources */ = {isa = PBXBuildFile; fileRef = C64CD67723DADB6B0043D768 /* RecipeListPresenter.swift */; };
		C64CD67A23DADB860043D768 /* RecipeListWireframe.swift in Sources */ = {isa = PBXBuildFile; fileRef = C64CD67923DADB860043D768 /* RecipeListWireframe.swift */; };
		C64CD67C23DADBB20043D768 /* RecipeListViewController.swift in Sources */ = {isa = PBXBuildFile; fileRef = C64CD67B23DADBB20043D768 /* RecipeListViewController.swift */; };
		C64CD67E23DADBD20043D768 /* RecipeListInterfaces.swift in Sources */ = {isa = PBXBuildFile; fileRef = C64CD67D23DADBD20043D768 /* RecipeListInterfaces.swift */; };
		C64CD68023DADF540043D768 /* Recipe.swift in Sources */ = {isa = PBXBuildFile; fileRef = C64CD67F23DADF540043D768 /* Recipe.swift */; };
		C64CD68223DF38E50043D768 /* RecipeListAPIService.swift in Sources */ = {isa = PBXBuildFile; fileRef = C64CD68123DF38E50043D768 /* RecipeListAPIService.swift */; };
		C64CD68423DF500D0043D768 /* URLSession+Testing.swift in Sources */ = {isa = PBXBuildFile; fileRef = C64CD68323DF500C0043D768 /* URLSession+Testing.swift */; };
		C64CD68623DF64250043D768 /* UICollectionViewCell+Reusable.swift in Sources */ = {isa = PBXBuildFile; fileRef = C64CD68523DF64250043D768 /* UICollectionViewCell+Reusable.swift */; };
		C64CD68823DF7CBB0043D768 /* RecipeCell.swift in Sources */ = {isa = PBXBuildFile; fileRef = C64CD68723DF7CBB0043D768 /* RecipeCell.swift */; };
		C673693023DFA5BB00D2281B /* Feed.swift in Sources */ = {isa = PBXBuildFile; fileRef = C673692F23DFA5BB00D2281B /* Feed.swift */; };
		C673693223DFAB7700D2281B /* RecipeCell.xib in Resources */ = {isa = PBXBuildFile; fileRef = C673693123DFAB7700D2281B /* RecipeCell.xib */; };
		C673693523E0BDE300D2281B /* RecipeDetailInteractor.swift in Sources */ = {isa = PBXBuildFile; fileRef = C673693423E0BDE300D2281B /* RecipeDetailInteractor.swift */; };
		C673693723E0BDF700D2281B /* RecipeDetailPresenter.swift in Sources */ = {isa = PBXBuildFile; fileRef = C673693623E0BDF700D2281B /* RecipeDetailPresenter.swift */; };
		C673693923E0BE0D00D2281B /* RecipeDetailWireframe.swift in Sources */ = {isa = PBXBuildFile; fileRef = C673693823E0BE0D00D2281B /* RecipeDetailWireframe.swift */; };
		C673693B23E0BE1F00D2281B /* RecipeDetailViewController.swift in Sources */ = {isa = PBXBuildFile; fileRef = C673693A23E0BE1F00D2281B /* RecipeDetailViewController.swift */; };
		C673693D23E0BE3C00D2281B /* RecipeDetailInterfaces.swift in Sources */ = {isa = PBXBuildFile; fileRef = C673693C23E0BE3C00D2281B /* RecipeDetailInterfaces.swift */; };
		C673693F23E0DCB000D2281B /* RecipeDetail.storyboard in Resources */ = {isa = PBXBuildFile; fileRef = C673693E23E0DCB000D2281B /* RecipeDetail.storyboard */; };
		C673694123E1834000D2281B /* WKWebView+Load.swift in Sources */ = {isa = PBXBuildFile; fileRef = C673694023E1834000D2281B /* WKWebView+Load.swift */; };
		EA99E7097F59F49046C3D828 /* Pods_Recipe_Buddy.framework in Frameworks */ = {isa = PBXBuildFile; fileRef = 8AB14E9005DA8EC83254AF5B /* Pods_Recipe_Buddy.framework */; };
/* End PBXBuildFile section */

/* Begin PBXContainerItemProxy section */
		C64CD65F23DAD54A0043D768 /* PBXContainerItemProxy */ = {
			isa = PBXContainerItemProxy;
			containerPortal = C64CD64023DAD5480043D768 /* Project object */;
			proxyType = 1;
			remoteGlobalIDString = C64CD64723DAD5480043D768;
			remoteInfo = "Recipe Buddy";
		};
/* End PBXContainerItemProxy section */

/* Begin PBXFileReference section */
		2B463F056A04D68B80C808D2 /* Pods-Recipe BuddyTests.release.xcconfig */ = {isa = PBXFileReference; includeInIndex = 1; lastKnownFileType = text.xcconfig; name = "Pods-Recipe BuddyTests.release.xcconfig"; path = "Target Support Files/Pods-Recipe BuddyTests/Pods-Recipe BuddyTests.release.xcconfig"; sourceTree = "<group>"; };
		4053648DB21454201C6C64E6 /* Pods_Recipe_BuddyTests.framework */ = {isa = PBXFileReference; explicitFileType = wrapper.framework; includeInIndex = 0; path = Pods_Recipe_BuddyTests.framework; sourceTree = BUILT_PRODUCTS_DIR; };
		8AB14E9005DA8EC83254AF5B /* Pods_Recipe_Buddy.framework */ = {isa = PBXFileReference; explicitFileType = wrapper.framework; includeInIndex = 0; path = Pods_Recipe_Buddy.framework; sourceTree = BUILT_PRODUCTS_DIR; };
		B645EC21CB541C0E1F46EE8A /* Pods-Recipe Buddy.release.xcconfig */ = {isa = PBXFileReference; includeInIndex = 1; lastKnownFileType = text.xcconfig; name = "Pods-Recipe Buddy.release.xcconfig"; path = "Target Support Files/Pods-Recipe Buddy/Pods-Recipe Buddy.release.xcconfig"; sourceTree = "<group>"; };
		B88520F81759C261A8206949 /* Pods-Recipe BuddyTests.debug.xcconfig */ = {isa = PBXFileReference; includeInIndex = 1; lastKnownFileType = text.xcconfig; name = "Pods-Recipe BuddyTests.debug.xcconfig"; path = "Target Support Files/Pods-Recipe BuddyTests/Pods-Recipe BuddyTests.debug.xcconfig"; sourceTree = "<group>"; };
		C64CD64823DAD5480043D768 /* Recipe Buddy.app */ = {isa = PBXFileReference; explicitFileType = wrapper.application; includeInIndex = 0; path = "Recipe Buddy.app"; sourceTree = BUILT_PRODUCTS_DIR; };
		C64CD64B23DAD5480043D768 /* AppDelegate.swift */ = {isa = PBXFileReference; lastKnownFileType = sourcecode.swift; path = AppDelegate.swift; sourceTree = "<group>"; };
		C64CD64D23DAD5480043D768 /* SceneDelegate.swift */ = {isa = PBXFileReference; lastKnownFileType = sourcecode.swift; path = SceneDelegate.swift; sourceTree = "<group>"; };
		C64CD65423DAD5490043D768 /* Assets.xcassets */ = {isa = PBXFileReference; lastKnownFileType = folder.assetcatalog; path = Assets.xcassets; sourceTree = "<group>"; };
		C64CD65723DAD5490043D768 /* Base */ = {isa = PBXFileReference; lastKnownFileType = file.storyboard; name = Base; path = Base.lproj/LaunchScreen.storyboard; sourceTree = "<group>"; };
		C64CD65923DAD5490043D768 /* Info.plist */ = {isa = PBXFileReference; lastKnownFileType = text.plist.xml; path = Info.plist; sourceTree = "<group>"; };
		C64CD65E23DAD54A0043D768 /* Recipe BuddyTests.xctest */ = {isa = PBXFileReference; explicitFileType = wrapper.cfbundle; includeInIndex = 0; path = "Recipe BuddyTests.xctest"; sourceTree = BUILT_PRODUCTS_DIR; };
		C64CD66223DAD54A0043D768 /* Recipe_BuddyTests.swift */ = {isa = PBXFileReference; lastKnownFileType = sourcecode.swift; path = Recipe_BuddyTests.swift; sourceTree = "<group>"; };
		C64CD66423DAD54A0043D768 /* Info.plist */ = {isa = PBXFileReference; lastKnownFileType = text.plist.xml; path = Info.plist; sourceTree = "<group>"; };
		C64CD66E23DAD69D0043D768 /* BaseWireframe.swift */ = {isa = PBXFileReference; lastKnownFileType = sourcecode.swift; path = BaseWireframe.swift; sourceTree = "<group>"; };
		C64CD67023DAD6F30043D768 /* UIStoryboardExtension.swift */ = {isa = PBXFileReference; lastKnownFileType = sourcecode.swift; path = UIStoryboardExtension.swift; sourceTree = "<group>"; };
		C64CD67323DADB240043D768 /* RecipeList.storyboard */ = {isa = PBXFileReference; lastKnownFileType = file.storyboard; path = RecipeList.storyboard; sourceTree = "<group>"; };
		C64CD67523DADB4B0043D768 /* RecipeListInteractor.swift */ = {isa = PBXFileReference; lastKnownFileType = sourcecode.swift; path = RecipeListInteractor.swift; sourceTree = "<group>"; };
		C64CD67723DADB6B0043D768 /* RecipeListPresenter.swift */ = {isa = PBXFileReference; lastKnownFileType = sourcecode.swift; path = RecipeListPresenter.swift; sourceTree = "<group>"; };
		C64CD67923DADB860043D768 /* RecipeListWireframe.swift */ = {isa = PBXFileReference; lastKnownFileType = sourcecode.swift; path = RecipeListWireframe.swift; sourceTree = "<group>"; };
		C64CD67B23DADBB20043D768 /* RecipeListViewController.swift */ = {isa = PBXFileReference; lastKnownFileType = sourcecode.swift; path = RecipeListViewController.swift; sourceTree = "<group>"; };
		C64CD67D23DADBD20043D768 /* RecipeListInterfaces.swift */ = {isa = PBXFileReference; lastKnownFileType = sourcecode.swift; path = RecipeListInterfaces.swift; sourceTree = "<group>"; };
		C64CD67F23DADF540043D768 /* Recipe.swift */ = {isa = PBXFileReference; lastKnownFileType = sourcecode.swift; path = Recipe.swift; sourceTree = "<group>"; };
		C64CD68123DF38E50043D768 /* RecipeListAPIService.swift */ = {isa = PBXFileReference; lastKnownFileType = sourcecode.swift; path = RecipeListAPIService.swift; sourceTree = "<group>"; };
		C64CD68323DF500C0043D768 /* URLSession+Testing.swift */ = {isa = PBXFileReference; lastKnownFileType = sourcecode.swift; path = "URLSession+Testing.swift"; sourceTree = "<group>"; };
		C64CD68523DF64250043D768 /* UICollectionViewCell+Reusable.swift */ = {isa = PBXFileReference; lastKnownFileType = sourcecode.swift; path = "UICollectionViewCell+Reusable.swift"; sourceTree = "<group>"; };
		C64CD68723DF7CBB0043D768 /* RecipeCell.swift */ = {isa = PBXFileReference; lastKnownFileType = sourcecode.swift; path = RecipeCell.swift; sourceTree = "<group>"; };
		C673692F23DFA5BB00D2281B /* Feed.swift */ = {isa = PBXFileReference; lastKnownFileType = sourcecode.swift; path = Feed.swift; sourceTree = "<group>"; };
		C673693123DFAB7700D2281B /* RecipeCell.xib */ = {isa = PBXFileReference; lastKnownFileType = file.xib; path = RecipeCell.xib; sourceTree = "<group>"; };
		C673693423E0BDE300D2281B /* RecipeDetailInteractor.swift */ = {isa = PBXFileReference; lastKnownFileType = sourcecode.swift; path = RecipeDetailInteractor.swift; sourceTree = "<group>"; };
		C673693623E0BDF700D2281B /* RecipeDetailPresenter.swift */ = {isa = PBXFileReference; lastKnownFileType = sourcecode.swift; path = RecipeDetailPresenter.swift; sourceTree = "<group>"; };
		C673693823E0BE0D00D2281B /* RecipeDetailWireframe.swift */ = {isa = PBXFileReference; lastKnownFileType = sourcecode.swift; path = RecipeDetailWireframe.swift; sourceTree = "<group>"; };
		C673693A23E0BE1F00D2281B /* RecipeDetailViewController.swift */ = {isa = PBXFileReference; lastKnownFileType = sourcecode.swift; path = RecipeDetailViewController.swift; sourceTree = "<group>"; };
		C673693C23E0BE3C00D2281B /* RecipeDetailInterfaces.swift */ = {isa = PBXFileReference; lastKnownFileType = sourcecode.swift; path = RecipeDetailInterfaces.swift; sourceTree = "<group>"; };
		C673693E23E0DCB000D2281B /* RecipeDetail.storyboard */ = {isa = PBXFileReference; lastKnownFileType = file.storyboard; path = RecipeDetail.storyboard; sourceTree = "<group>"; };
		C673694023E1834000D2281B /* WKWebView+Load.swift */ = {isa = PBXFileReference; lastKnownFileType = sourcecode.swift; path = "WKWebView+Load.swift"; sourceTree = "<group>"; };
		E28F28AA79B4821D23698ECB /* Pods-Recipe Buddy.debug.xcconfig */ = {isa = PBXFileReference; includeInIndex = 1; lastKnownFileType = text.xcconfig; name = "Pods-Recipe Buddy.debug.xcconfig"; path = "Target Support Files/Pods-Recipe Buddy/Pods-Recipe Buddy.debug.xcconfig"; sourceTree = "<group>"; };
/* End PBXFileReference section */

/* Begin PBXFrameworksBuildPhase section */
		C64CD64523DAD5480043D768 /* Frameworks */ = {
			isa = PBXFrameworksBuildPhase;
			buildActionMask = 2147483647;
			files = (
				EA99E7097F59F49046C3D828 /* Pods_Recipe_Buddy.framework in Frameworks */,
			);
			runOnlyForDeploymentPostprocessing = 0;
		};
		C64CD65B23DAD54A0043D768 /* Frameworks */ = {
			isa = PBXFrameworksBuildPhase;
			buildActionMask = 2147483647;
			files = (
				8B48FD459FFD5A1FF9C558F4 /* Pods_Recipe_BuddyTests.framework in Frameworks */,
			);
			runOnlyForDeploymentPostprocessing = 0;
		};
/* End PBXFrameworksBuildPhase section */

/* Begin PBXGroup section */
		10A5845D8A7E305EDB80784F /* Frameworks */ = {
			isa = PBXGroup;
			children = (
				8AB14E9005DA8EC83254AF5B /* Pods_Recipe_Buddy.framework */,
				4053648DB21454201C6C64E6 /* Pods_Recipe_BuddyTests.framework */,
			);
			name = Frameworks;
			sourceTree = "<group>";
		};
		7E999242C970869219A86427 /* Pods */ = {
			isa = PBXGroup;
			children = (
				E28F28AA79B4821D23698ECB /* Pods-Recipe Buddy.debug.xcconfig */,
				B645EC21CB541C0E1F46EE8A /* Pods-Recipe Buddy.release.xcconfig */,
				B88520F81759C261A8206949 /* Pods-Recipe BuddyTests.debug.xcconfig */,
				2B463F056A04D68B80C808D2 /* Pods-Recipe BuddyTests.release.xcconfig */,
			);
			path = Pods;
			sourceTree = "<group>";
		};
		C64CD63F23DAD5480043D768 = {
			isa = PBXGroup;
			children = (
				C64CD64A23DAD5480043D768 /* Recipe Buddy */,
				C64CD66123DAD54A0043D768 /* Recipe BuddyTests */,
				C64CD64923DAD5480043D768 /* Products */,
				7E999242C970869219A86427 /* Pods */,
				10A5845D8A7E305EDB80784F /* Frameworks */,
			);
			sourceTree = "<group>";
		};
		C64CD64923DAD5480043D768 /* Products */ = {
			isa = PBXGroup;
			children = (
				C64CD64823DAD5480043D768 /* Recipe Buddy.app */,
				C64CD65E23DAD54A0043D768 /* Recipe BuddyTests.xctest */,
			);
			name = Products;
			sourceTree = "<group>";
		};
		C64CD64A23DAD5480043D768 /* Recipe Buddy */ = {
			isa = PBXGroup;
			children = (
				C673693323E0BD9C00D2281B /* RecipeDetail */,
				C64CD67223DADAE30043D768 /* RecipeList */,
				C64CD66D23DAD6500043D768 /* Common */,
				C64CD64B23DAD5480043D768 /* AppDelegate.swift */,
				C64CD64D23DAD5480043D768 /* SceneDelegate.swift */,
				C64CD65423DAD5490043D768 /* Assets.xcassets */,
				C64CD65623DAD5490043D768 /* LaunchScreen.storyboard */,
				C64CD65923DAD5490043D768 /* Info.plist */,
			);
			path = "Recipe Buddy";
			sourceTree = "<group>";
		};
		C64CD66123DAD54A0043D768 /* Recipe BuddyTests */ = {
			isa = PBXGroup;
			children = (
				C64CD66223DAD54A0043D768 /* Recipe_BuddyTests.swift */,
				C64CD66423DAD54A0043D768 /* Info.plist */,
			);
			path = "Recipe BuddyTests";
			sourceTree = "<group>";
		};
		C64CD66D23DAD6500043D768 /* Common */ = {
			isa = PBXGroup;
			children = (
				C64CD66E23DAD69D0043D768 /* BaseWireframe.swift */,
				C64CD67023DAD6F30043D768 /* UIStoryboardExtension.swift */,
				C64CD68323DF500C0043D768 /* URLSession+Testing.swift */,
				C64CD68523DF64250043D768 /* UICollectionViewCell+Reusable.swift */,
				C673692F23DFA5BB00D2281B /* Feed.swift */,
				C673694023E1834000D2281B /* WKWebView+Load.swift */,
			);
			path = Common;
			sourceTree = "<group>";
		};
		C64CD67223DADAE30043D768 /* RecipeList */ = {
			isa = PBXGroup;
			children = (
				C64CD67323DADB240043D768 /* RecipeList.storyboard */,
				C64CD67523DADB4B0043D768 /* RecipeListInteractor.swift */,
				C64CD67723DADB6B0043D768 /* RecipeListPresenter.swift */,
				C64CD67923DADB860043D768 /* RecipeListWireframe.swift */,
				C64CD67B23DADBB20043D768 /* RecipeListViewController.swift */,
				C64CD67D23DADBD20043D768 /* RecipeListInterfaces.swift */,
				C64CD68123DF38E50043D768 /* RecipeListAPIService.swift */,
				C64CD67F23DADF540043D768 /* Recipe.swift */,
				C64CD68723DF7CBB0043D768 /* RecipeCell.swift */,
				C673693123DFAB7700D2281B /* RecipeCell.xib */,
			);
			path = RecipeList;
			sourceTree = "<group>";
		};
		C673693323E0BD9C00D2281B /* RecipeDetail */ = {
			isa = PBXGroup;
			children = (
				C673693423E0BDE300D2281B /* RecipeDetailInteractor.swift */,
				C673693E23E0DCB000D2281B /* RecipeDetail.storyboard */,
				C673693623E0BDF700D2281B /* RecipeDetailPresenter.swift */,
				C673693823E0BE0D00D2281B /* RecipeDetailWireframe.swift */,
				C673693A23E0BE1F00D2281B /* RecipeDetailViewController.swift */,
				C673693C23E0BE3C00D2281B /* RecipeDetailInterfaces.swift */,
			);
			path = RecipeDetail;
			sourceTree = "<group>";
		};
/* End PBXGroup section */

/* Begin PBXNativeTarget section */
		C64CD64723DAD5480043D768 /* Recipe Buddy */ = {
			isa = PBXNativeTarget;
			buildConfigurationList = C64CD66723DAD54A0043D768 /* Build configuration list for PBXNativeTarget "Recipe Buddy" */;
			buildPhases = (
				AEF77F828AE46E42091EFFD8 /* [CP] Check Pods Manifest.lock */,
				C64CD64423DAD5480043D768 /* Sources */,
				C64CD64523DAD5480043D768 /* Frameworks */,
				C64CD64623DAD5480043D768 /* Resources */,
				BB20B2669340B4583FB9A856 /* [CP] Embed Pods Frameworks */,
			);
			buildRules = (
			);
			dependencies = (
			);
			name = "Recipe Buddy";
			productName = "Recipe Buddy";
			productReference = C64CD64823DAD5480043D768 /* Recipe Buddy.app */;
			productType = "com.apple.product-type.application";
		};
		C64CD65D23DAD54A0043D768 /* Recipe BuddyTests */ = {
			isa = PBXNativeTarget;
			buildConfigurationList = C64CD66A23DAD54A0043D768 /* Build configuration list for PBXNativeTarget "Recipe BuddyTests" */;
			buildPhases = (
				3C21E2A049894BB42620DC7B /* [CP] Check Pods Manifest.lock */,
				C64CD65A23DAD54A0043D768 /* Sources */,
				C64CD65B23DAD54A0043D768 /* Frameworks */,
				C64CD65C23DAD54A0043D768 /* Resources */,
			);
			buildRules = (
			);
			dependencies = (
				C64CD66023DAD54A0043D768 /* PBXTargetDependency */,
			);
			name = "Recipe BuddyTests";
			productName = "Recipe BuddyTests";
			productReference = C64CD65E23DAD54A0043D768 /* Recipe BuddyTests.xctest */;
			productType = "com.apple.product-type.bundle.unit-test";
		};
/* End PBXNativeTarget section */

/* Begin PBXProject section */
		C64CD64023DAD5480043D768 /* Project object */ = {
			isa = PBXProject;
			attributes = {
				LastSwiftUpdateCheck = 1130;
				LastUpgradeCheck = 1130;
				ORGANIZATIONNAME = "Ionut Ivan";
				TargetAttributes = {
					C64CD64723DAD5480043D768 = {
						CreatedOnToolsVersion = 11.3;
					};
					C64CD65D23DAD54A0043D768 = {
						CreatedOnToolsVersion = 11.3;
						TestTargetID = C64CD64723DAD5480043D768;
					};
				};
			};
			buildConfigurationList = C64CD64323DAD5480043D768 /* Build configuration list for PBXProject "Recipe Buddy" */;
			compatibilityVersion = "Xcode 9.3";
			developmentRegion = en;
			hasScannedForEncodings = 0;
			knownRegions = (
				en,
				Base,
			);
			mainGroup = C64CD63F23DAD5480043D768;
			productRefGroup = C64CD64923DAD5480043D768 /* Products */;
			projectDirPath = "";
			projectRoot = "";
			targets = (
				C64CD64723DAD5480043D768 /* Recipe Buddy */,
				C64CD65D23DAD54A0043D768 /* Recipe BuddyTests */,
			);
		};
/* End PBXProject section */

/* Begin PBXResourcesBuildPhase section */
		C64CD64623DAD5480043D768 /* Resources */ = {
			isa = PBXResourcesBuildPhase;
			buildActionMask = 2147483647;
			files = (
				C673693F23E0DCB000D2281B /* RecipeDetail.storyboard in Resources */,
				C64CD67423DADB240043D768 /* RecipeList.storyboard in Resources */,
				C64CD65823DAD5490043D768 /* LaunchScreen.storyboard in Resources */,
				C64CD65523DAD5490043D768 /* Assets.xcassets in Resources */,
				C673693223DFAB7700D2281B /* RecipeCell.xib in Resources */,
			);
			runOnlyForDeploymentPostprocessing = 0;
		};
		C64CD65C23DAD54A0043D768 /* Resources */ = {
			isa = PBXResourcesBuildPhase;
			buildActionMask = 2147483647;
			files = (
			);
			runOnlyForDeploymentPostprocessing = 0;
		};
/* End PBXResourcesBuildPhase section */

/* Begin PBXShellScriptBuildPhase section */
		3C21E2A049894BB42620DC7B /* [CP] Check Pods Manifest.lock */ = {
			isa = PBXShellScriptBuildPhase;
			buildActionMask = 2147483647;
			files = (
			);
			inputFileListPaths = (
			);
			inputPaths = (
				"${PODS_PODFILE_DIR_PATH}/Podfile.lock",
				"${PODS_ROOT}/Manifest.lock",
			);
			name = "[CP] Check Pods Manifest.lock";
			outputFileListPaths = (
			);
			outputPaths = (
				"$(DERIVED_FILE_DIR)/Pods-Recipe BuddyTests-checkManifestLockResult.txt",
			);
			runOnlyForDeploymentPostprocessing = 0;
			shellPath = /bin/sh;
			shellScript = "diff \"${PODS_PODFILE_DIR_PATH}/Podfile.lock\" \"${PODS_ROOT}/Manifest.lock\" > /dev/null\nif [ $? != 0 ] ; then\n    # print error to STDERR\n    echo \"error: The sandbox is not in sync with the Podfile.lock. Run 'pod install' or update your CocoaPods installation.\" >&2\n    exit 1\nfi\n# This output is used by Xcode 'outputs' to avoid re-running this script phase.\necho \"SUCCESS\" > \"${SCRIPT_OUTPUT_FILE_0}\"\n";
			showEnvVarsInLog = 0;
		};
		AEF77F828AE46E42091EFFD8 /* [CP] Check Pods Manifest.lock */ = {
			isa = PBXShellScriptBuildPhase;
			buildActionMask = 2147483647;
			files = (
			);
			inputFileListPaths = (
			);
			inputPaths = (
				"${PODS_PODFILE_DIR_PATH}/Podfile.lock",
				"${PODS_ROOT}/Manifest.lock",
			);
			name = "[CP] Check Pods Manifest.lock";
			outputFileListPaths = (
			);
			outputPaths = (
				"$(DERIVED_FILE_DIR)/Pods-Recipe Buddy-checkManifestLockResult.txt",
			);
			runOnlyForDeploymentPostprocessing = 0;
			shellPath = /bin/sh;
			shellScript = "diff \"${PODS_PODFILE_DIR_PATH}/Podfile.lock\" \"${PODS_ROOT}/Manifest.lock\" > /dev/null\nif [ $? != 0 ] ; then\n    # print error to STDERR\n    echo \"error: The sandbox is not in sync with the Podfile.lock. Run 'pod install' or update your CocoaPods installation.\" >&2\n    exit 1\nfi\n# This output is used by Xcode 'outputs' to avoid re-running this script phase.\necho \"SUCCESS\" > \"${SCRIPT_OUTPUT_FILE_0}\"\n";
			showEnvVarsInLog = 0;
		};
		BB20B2669340B4583FB9A856 /* [CP] Embed Pods Frameworks */ = {
			isa = PBXShellScriptBuildPhase;
			buildActionMask = 2147483647;
			files = (
			);
			inputFileListPaths = (
				"${PODS_ROOT}/Target Support Files/Pods-Recipe Buddy/Pods-Recipe Buddy-frameworks-${CONFIGURATION}-input-files.xcfilelist",
			);
			name = "[CP] Embed Pods Frameworks";
			outputFileListPaths = (
				"${PODS_ROOT}/Target Support Files/Pods-Recipe Buddy/Pods-Recipe Buddy-frameworks-${CONFIGURATION}-output-files.xcfilelist",
			);
			runOnlyForDeploymentPostprocessing = 0;
			shellPath = /bin/sh;
			shellScript = "\"${PODS_ROOT}/Target Support Files/Pods-Recipe Buddy/Pods-Recipe Buddy-frameworks.sh\"\n";
			showEnvVarsInLog = 0;
		};
/* End PBXShellScriptBuildPhase section */

/* Begin PBXSourcesBuildPhase section */
		C64CD64423DAD5480043D768 /* Sources */ = {
			isa = PBXSourcesBuildPhase;
			buildActionMask = 2147483647;
			files = (
				C64CD66F23DAD69D0043D768 /* BaseWireframe.swift in Sources */,
				C673693023DFA5BB00D2281B /* Feed.swift in Sources */,
				C64CD64C23DAD5480043D768 /* AppDelegate.swift in Sources */,
				C673693723E0BDF700D2281B /* RecipeDetailPresenter.swift in Sources */,
				C64CD67823DADB6B0043D768 /* RecipeListPresenter.swift in Sources */,
				C673693B23E0BE1F00D2281B /* RecipeDetailViewController.swift in Sources */,
				C673693D23E0BE3C00D2281B /* RecipeDetailInterfaces.swift in Sources */,
				C64CD68823DF7CBB0043D768 /* RecipeCell.swift in Sources */,
				C64CD67623DADB4B0043D768 /* RecipeListInteractor.swift in Sources */,
				C64CD67C23DADBB20043D768 /* RecipeListViewController.swift in Sources */,
				C64CD68623DF64250043D768 /* UICollectionViewCell+Reusable.swift in Sources */,
				C673693923E0BE0D00D2281B /* RecipeDetailWireframe.swift in Sources */,
				C64CD67A23DADB860043D768 /* RecipeListWireframe.swift in Sources */,
				C64CD67123DAD6F30043D768 /* UIStoryboardExtension.swift in Sources */,
				C673694123E1834000D2281B /* WKWebView+Load.swift in Sources */,
				C64CD68423DF500D0043D768 /* URLSession+Testing.swift in Sources */,
				C64CD64E23DAD5480043D768 /* SceneDelegate.swift in Sources */,
				C64CD67E23DADBD20043D768 /* RecipeListInterfaces.swift in Sources */,
				C673693523E0BDE300D2281B /* RecipeDetailInteractor.swift in Sources */,
				C64CD68023DADF540043D768 /* Recipe.swift in Sources */,
				C64CD68223DF38E50043D768 /* RecipeListAPIService.swift in Sources */,
			);
			runOnlyForDeploymentPostprocessing = 0;
		};
		C64CD65A23DAD54A0043D768 /* Sources */ = {
			isa = PBXSourcesBuildPhase;
			buildActionMask = 2147483647;
			files = (
				C64CD66323DAD54A0043D768 /* Recipe_BuddyTests.swift in Sources */,
			);
			runOnlyForDeploymentPostprocessing = 0;
		};
/* End PBXSourcesBuildPhase section */

/* Begin PBXTargetDependency section */
		C64CD66023DAD54A0043D768 /* PBXTargetDependency */ = {
			isa = PBXTargetDependency;
			target = C64CD64723DAD5480043D768 /* Recipe Buddy */;
			targetProxy = C64CD65F23DAD54A0043D768 /* PBXContainerItemProxy */;
		};
/* End PBXTargetDependency section */

/* Begin PBXVariantGroup section */
		C64CD65623DAD5490043D768 /* LaunchScreen.storyboard */ = {
			isa = PBXVariantGroup;
			children = (
				C64CD65723DAD5490043D768 /* Base */,
			);
			name = LaunchScreen.storyboard;
			sourceTree = "<group>";
		};
/* End PBXVariantGroup section */

/* Begin XCBuildConfiguration section */
		C64CD66523DAD54A0043D768 /* Debug */ = {
			isa = XCBuildConfiguration;
			buildSettings = {
				ALWAYS_SEARCH_USER_PATHS = NO;
				CLANG_ANALYZER_NONNULL = YES;
				CLANG_ANALYZER_NUMBER_OBJECT_CONVERSION = YES_AGGRESSIVE;
				CLANG_CXX_LANGUAGE_STANDARD = "gnu++14";
				CLANG_CXX_LIBRARY = "libc++";
				CLANG_ENABLE_MODULES = YES;
				CLANG_ENABLE_OBJC_ARC = YES;
				CLANG_ENABLE_OBJC_WEAK = YES;
				CLANG_WARN_BLOCK_CAPTURE_AUTORELEASING = YES;
				CLANG_WARN_BOOL_CONVERSION = YES;
				CLANG_WARN_COMMA = YES;
				CLANG_WARN_CONSTANT_CONVERSION = YES;
				CLANG_WARN_DEPRECATED_OBJC_IMPLEMENTATIONS = YES;
				CLANG_WARN_DIRECT_OBJC_ISA_USAGE = YES_ERROR;
				CLANG_WARN_DOCUMENTATION_COMMENTS = YES;
				CLANG_WARN_EMPTY_BODY = YES;
				CLANG_WARN_ENUM_CONVERSION = YES;
				CLANG_WARN_INFINITE_RECURSION = YES;
				CLANG_WARN_INT_CONVERSION = YES;
				CLANG_WARN_NON_LITERAL_NULL_CONVERSION = YES;
				CLANG_WARN_OBJC_IMPLICIT_RETAIN_SELF = YES;
				CLANG_WARN_OBJC_LITERAL_CONVERSION = YES;
				CLANG_WARN_OBJC_ROOT_CLASS = YES_ERROR;
				CLANG_WARN_RANGE_LOOP_ANALYSIS = YES;
				CLANG_WARN_STRICT_PROTOTYPES = YES;
				CLANG_WARN_SUSPICIOUS_MOVE = YES;
				CLANG_WARN_UNGUARDED_AVAILABILITY = YES_AGGRESSIVE;
				CLANG_WARN_UNREACHABLE_CODE = YES;
				CLANG_WARN__DUPLICATE_METHOD_MATCH = YES;
				COPY_PHASE_STRIP = NO;
				DEBUG_INFORMATION_FORMAT = dwarf;
				ENABLE_STRICT_OBJC_MSGSEND = YES;
				ENABLE_TESTABILITY = YES;
				GCC_C_LANGUAGE_STANDARD = gnu11;
				GCC_DYNAMIC_NO_PIC = NO;
				GCC_NO_COMMON_BLOCKS = YES;
				GCC_OPTIMIZATION_LEVEL = 0;
				GCC_PREPROCESSOR_DEFINITIONS = (
					"DEBUG=1",
					"$(inherited)",
				);
				GCC_WARN_64_TO_32_BIT_CONVERSION = YES;
				GCC_WARN_ABOUT_RETURN_TYPE = YES_ERROR;
				GCC_WARN_UNDECLARED_SELECTOR = YES;
				GCC_WARN_UNINITIALIZED_AUTOS = YES_AGGRESSIVE;
				GCC_WARN_UNUSED_FUNCTION = YES;
				GCC_WARN_UNUSED_VARIABLE = YES;
				IPHONEOS_DEPLOYMENT_TARGET = 13.2;
				MTL_ENABLE_DEBUG_INFO = INCLUDE_SOURCE;
				MTL_FAST_MATH = YES;
				ONLY_ACTIVE_ARCH = YES;
				SDKROOT = iphoneos;
				SWIFT_ACTIVE_COMPILATION_CONDITIONS = DEBUG;
				SWIFT_OPTIMIZATION_LEVEL = "-Onone";
			};
			name = Debug;
		};
		C64CD66623DAD54A0043D768 /* Release */ = {
			isa = XCBuildConfiguration;
			buildSettings = {
				ALWAYS_SEARCH_USER_PATHS = NO;
				CLANG_ANALYZER_NONNULL = YES;
				CLANG_ANALYZER_NUMBER_OBJECT_CONVERSION = YES_AGGRESSIVE;
				CLANG_CXX_LANGUAGE_STANDARD = "gnu++14";
				CLANG_CXX_LIBRARY = "libc++";
				CLANG_ENABLE_MODULES = YES;
				CLANG_ENABLE_OBJC_ARC = YES;
				CLANG_ENABLE_OBJC_WEAK = YES;
				CLANG_WARN_BLOCK_CAPTURE_AUTORELEASING = YES;
				CLANG_WARN_BOOL_CONVERSION = YES;
				CLANG_WARN_COMMA = YES;
				CLANG_WARN_CONSTANT_CONVERSION = YES;
				CLANG_WARN_DEPRECATED_OBJC_IMPLEMENTATIONS = YES;
				CLANG_WARN_DIRECT_OBJC_ISA_USAGE = YES_ERROR;
				CLANG_WARN_DOCUMENTATION_COMMENTS = YES;
				CLANG_WARN_EMPTY_BODY = YES;
				CLANG_WARN_ENUM_CONVERSION = YES;
				CLANG_WARN_INFINITE_RECURSION = YES;
				CLANG_WARN_INT_CONVERSION = YES;
				CLANG_WARN_NON_LITERAL_NULL_CONVERSION = YES;
				CLANG_WARN_OBJC_IMPLICIT_RETAIN_SELF = YES;
				CLANG_WARN_OBJC_LITERAL_CONVERSION = YES;
				CLANG_WARN_OBJC_ROOT_CLASS = YES_ERROR;
				CLANG_WARN_RANGE_LOOP_ANALYSIS = YES;
				CLANG_WARN_STRICT_PROTOTYPES = YES;
				CLANG_WARN_SUSPICIOUS_MOVE = YES;
				CLANG_WARN_UNGUARDED_AVAILABILITY = YES_AGGRESSIVE;
				CLANG_WARN_UNREACHABLE_CODE = YES;
				CLANG_WARN__DUPLICATE_METHOD_MATCH = YES;
				COPY_PHASE_STRIP = NO;
				DEBUG_INFORMATION_FORMAT = "dwarf-with-dsym";
				ENABLE_NS_ASSERTIONS = NO;
				ENABLE_STRICT_OBJC_MSGSEND = YES;
				GCC_C_LANGUAGE_STANDARD = gnu11;
				GCC_NO_COMMON_BLOCKS = YES;
				GCC_WARN_64_TO_32_BIT_CONVERSION = YES;
				GCC_WARN_ABOUT_RETURN_TYPE = YES_ERROR;
				GCC_WARN_UNDECLARED_SELECTOR = YES;
				GCC_WARN_UNINITIALIZED_AUTOS = YES_AGGRESSIVE;
				GCC_WARN_UNUSED_FUNCTION = YES;
				GCC_WARN_UNUSED_VARIABLE = YES;
				IPHONEOS_DEPLOYMENT_TARGET = 13.2;
				MTL_ENABLE_DEBUG_INFO = NO;
				MTL_FAST_MATH = YES;
				SDKROOT = iphoneos;
				SWIFT_COMPILATION_MODE = wholemodule;
				SWIFT_OPTIMIZATION_LEVEL = "-O";
				VALIDATE_PRODUCT = YES;
			};
			name = Release;
		};
		C64CD66823DAD54A0043D768 /* Debug */ = {
			isa = XCBuildConfiguration;
			baseConfigurationReference = E28F28AA79B4821D23698ECB /* Pods-Recipe Buddy.debug.xcconfig */;
			buildSettings = {
				ASSETCATALOG_COMPILER_APPICON_NAME = AppIcon;
				CODE_SIGN_STYLE = Automatic;
				INFOPLIST_FILE = "Recipe Buddy/Info.plist";
				LD_RUNPATH_SEARCH_PATHS = (
					"$(inherited)",
					"@executable_path/Frameworks",
				);
				PRODUCT_BUNDLE_IDENTIFIER = "com.nasa.Recipe-Buddy";
				PRODUCT_NAME = "$(TARGET_NAME)";
				SWIFT_VERSION = 5.0;
				TARGETED_DEVICE_FAMILY = 1;
			};
			name = Debug;
		};
		C64CD66923DAD54A0043D768 /* Release */ = {
			isa = XCBuildConfiguration;
			baseConfigurationReference = B645EC21CB541C0E1F46EE8A /* Pods-Recipe Buddy.release.xcconfig */;
			buildSettings = {
				ASSETCATALOG_COMPILER_APPICON_NAME = AppIcon;
				CODE_SIGN_STYLE = Automatic;
				INFOPLIST_FILE = "Recipe Buddy/Info.plist";
				LD_RUNPATH_SEARCH_PATHS = (
					"$(inherited)",
					"@executable_path/Frameworks",
				);
				PRODUCT_BUNDLE_IDENTIFIER = "com.nasa.Recipe-Buddy";
				PRODUCT_NAME = "$(TARGET_NAME)";
				SWIFT_VERSION = 5.0;
				TARGETED_DEVICE_FAMILY = 1;
			};
			name = Release;
		};
		C64CD66B23DAD54A0043D768 /* Debug */ = {
			isa = XCBuildConfiguration;
			baseConfigurationReference = B88520F81759C261A8206949 /* Pods-Recipe BuddyTests.debug.xcconfig */;
			buildSettings = {
				ALWAYS_EMBED_SWIFT_STANDARD_LIBRARIES = YES;
				BUNDLE_LOADER = "$(TEST_HOST)";
				CODE_SIGN_STYLE = Automatic;
				INFOPLIST_FILE = "Recipe BuddyTests/Info.plist";
				IPHONEOS_DEPLOYMENT_TARGET = 13.2;
				LD_RUNPATH_SEARCH_PATHS = (
					"$(inherited)",
					"@executable_path/Frameworks",
					"@loader_path/Frameworks",
				);
				PRODUCT_BUNDLE_IDENTIFIER = "com.nasa.Recipe-BuddyTests";
				PRODUCT_NAME = "$(TARGET_NAME)";
				SWIFT_VERSION = 5.0;
				TARGETED_DEVICE_FAMILY = "1,2";
				TEST_HOST = "$(BUILT_PRODUCTS_DIR)/Recipe Buddy.app/Recipe Buddy";
			};
			name = Debug;
		};
		C64CD66C23DAD54A0043D768 /* Release */ = {
			isa = XCBuildConfiguration;
			baseConfigurationReference = 2B463F056A04D68B80C808D2 /* Pods-Recipe BuddyTests.release.xcconfig */;
			buildSettings = {
				ALWAYS_EMBED_SWIFT_STANDARD_LIBRARIES = YES;
				BUNDLE_LOADER = "$(TEST_HOST)";
				CODE_SIGN_STYLE = Automatic;
				INFOPLIST_FILE = "Recipe BuddyTests/Info.plist";
				IPHONEOS_DEPLOYMENT_TARGET = 13.2;
				LD_RUNPATH_SEARCH_PATHS = (
					"$(inherited)",
					"@executable_path/Frameworks",
					"@loader_path/Frameworks",
				);
				PRODUCT_BUNDLE_IDENTIFIER = "com.nasa.Recipe-BuddyTests";
				PRODUCT_NAME = "$(TARGET_NAME)";
				SWIFT_VERSION = 5.0;
				TARGETED_DEVICE_FAMILY = "1,2";
				TEST_HOST = "$(BUILT_PRODUCTS_DIR)/Recipe Buddy.app/Recipe Buddy";
			};
			name = Release;
		};
/* End XCBuildConfiguration section */

/* Begin XCConfigurationList section */
		C64CD64323DAD5480043D768 /* Build configuration list for PBXProject "Recipe Buddy" */ = {
			isa = XCConfigurationList;
			buildConfigurations = (
				C64CD66523DAD54A0043D768 /* Debug */,
				C64CD66623DAD54A0043D768 /* Release */,
			);
			defaultConfigurationIsVisible = 0;
			defaultConfigurationName = Release;
		};
		C64CD66723DAD54A0043D768 /* Build configuration list for PBXNativeTarget "Recipe Buddy" */ = {
			isa = XCConfigurationList;
			buildConfigurations = (
				C64CD66823DAD54A0043D768 /* Debug */,
				C64CD66923DAD54A0043D768 /* Release */,
			);
			defaultConfigurationIsVisible = 0;
			defaultConfigurationName = Release;
		};
		C64CD66A23DAD54A0043D768 /* Build configuration list for PBXNativeTarget "Recipe BuddyTests" */ = {
			isa = XCConfigurationList;
			buildConfigurations = (
				C64CD66B23DAD54A0043D768 /* Debug */,
				C64CD66C23DAD54A0043D768 /* Release */,
			);
			defaultConfigurationIsVisible = 0;
			defaultConfigurationName = Release;
		};
/* End XCConfigurationList section */
	};
	rootObject = C64CD64023DAD5480043D768 /* Project object */;
}
